{
  "nodes": {
    "dns": {
      "inputs": {
        "flake-utils": "flake-utils",
        "nixpkgs": [
          "nixpkgs"
        ]
      },
      "locked": {
        "lastModified": 1635273082,
        "narHash": "sha256-EHiDP2jEa7Ai5ZwIf5uld9RVFcV77+2SUxjQXwJsJa0=",
        "owner": "kirelagin",
        "repo": "nix-dns",
        "rev": "c7b9645da9c0ddce4f9de4ef27ec01bb8108039a",
        "type": "github"
      },
      "original": {
        "owner": "kirelagin",
        "repo": "nix-dns",
        "type": "github"
      }
    },
    "flake-utils": {
      "locked": {
        "lastModified": 1614513358,
        "narHash": "sha256-LakhOx3S1dRjnh0b5Dg3mbZyH0ToC9I8Y2wKSkBaTzU=",
        "owner": "numtide",
        "repo": "flake-utils",
        "rev": "5466c5bbece17adaab2d82fae80b46e807611bf3",
        "type": "github"
      },
      "original": {
        "owner": "numtide",
        "repo": "flake-utils",
        "type": "github"
      }
    },
    "home-manager": {
      "inputs": {
        "nixpkgs": [
          "nixpkgs"
        ]
      },
      "locked": {
        "lastModified": 1634544068,
        "narHash": "sha256-RlRQBaAHfdWqfRyHdWuDPMkplBTYwuyDQqDcNbP/Sog=",
        "owner": "nix-community",
        "repo": "home-manager",
        "rev": "ff2bed9dac84fb202bbb3c49fdcfe30c29d0b12f",
        "type": "github"
      },
      "original": {
        "owner": "nix-community",
        "ref": "release-21.05",
        "repo": "home-manager",
        "type": "github"
      }
    },
    "mailserver": {
      "flake": false,
      "locked": {
        "lastModified": 1622967674,
        "narHash": "sha256-8RLe6Rqy2rKR/PGDMg/EVsWihsO+DQe/RYmlXdRZkLs=",
        "owner": "simple-nixos-mailserver",
        "repo": "nixos-mailserver",
        "rev": "5675b122a947b40e551438df6a623efad19fd2e7",
        "type": "gitlab"
      },
      "original": {
        "owner": "simple-nixos-mailserver",
        "ref": "nixos-21.05",
        "repo": "nixos-mailserver",
        "type": "gitlab"
      }
    },
    "nixpkgs": {
      "locked": {
        "lastModified": 1635806954,
        "narHash": "sha256-yX/zjbIL/HdXh8a92hWJ+31gsLLv7byA1XRuPARaLro=",
        "owner": "NixOS",
        "repo": "nixpkgs",
        "rev": "372e59d2af704bffd133cbe029f1d5efe73ba6fb",
        "type": "github"
      },
      "original": {
        "owner": "NixOS",
        "ref": "nixos-21.05",
        "repo": "nixpkgs",
        "type": "github"
      }
    },
    "prompt_kir": {
      "flake": false,
      "locked": {
        "lastModified": 1546639159,
        "narHash": "sha256-nbgVB8EQn5w5V0fxWuDk8aLvJFiV4FHc/D4hGzcbOh4=",
        "owner": "kirelagin",
        "repo": "prompt_kir",
        "rev": "2f7ccd551366088e9eb6c4ac8880b83c0d27dd92",
        "type": "github"
      },
      "original": {
        "owner": "kirelagin",
        "repo": "prompt_kir",
        "type": "github"
      }
    },
    "root": {
      "inputs": {
        "dns": "dns",
        "home-manager": "home-manager",
        "mailserver": "mailserver",
        "nixpkgs": "nixpkgs",
        "prompt_kir": "prompt_kir"
      }
    }
  },
  "root": "root",
  "version": 7
}
